
Microsoft Visual Studio Solution File, Format Version 12.00
# Visual Studio Version 16
VisualStudioVersion = 16.0.33328.57
MinimumVisualStudioVersion = 10.0.40219.1
Project("{FAE04EC0-301F-11D3-BF4B-00C04F79EFBC}") = "RFID2.4G", "RFID2.4G\RFID2.4G.csproj", "{BEB50A76-650C-46BB-AF62-42F2D49A607F}"
EndProject
Global
	GlobalSection(SolutionConfigurationPlatforms) = preSolution
		Debug|Any CPU = Debug|Any CPU
		Release|Any CPU = Release|Any CPU
	EndGlobalSection
	GlobalSection(ProjectConfigurationPlatforms) = postSolution
		{BEB50A76-650C-46BB-AF62-42F2D49A607F}.Debug|Any CPU.ActiveCfg = Debug|Any CPU
		{BEB50A76-650C-46BB-AF62-42F2D49A607F}.Debug|Any CPU.Build.0 = Debug|Any CPU
		{BEB50A76-650C-46BB-AF62-42F2D49A607F}.Release|Any CPU.ActiveCfg = Release|Any CPU
		{BEB50A76-650C-46BB-AF62-42F2D49A607F}.Release|Any CPU.Build.0 = Release|Any CPU
	EndGlobalSection
	GlobalSection(SolutionProperties) = preSolution
		HideSolutionNode = FALSE
	EndGlobalSection
	GlobalSection(ExtensibilityGlobals) = postSolution
		SolutionGuid = {FB770375-DF09-439B-8533-E55DF236EFB4}
	EndGlobalSection
EndGlobal
